// !$*UTF8*$!
{
	archiveVersion = 1;
	classes = {
	};
	objectVersion = 46;
	objects = {

/* Begin PBXBuildFile section */
		84BB46671B6F804A00346CFD /* AppDelegate.swift in Sources */ = {isa = PBXBuildFile; fileRef = 84BB46661B6F804A00346CFD /* AppDelegate.swift */; };
		84BB46691B6F804A00346CFD /* ViewController.swift in Sources */ = {isa = PBXBuildFile; fileRef = 84BB46681B6F804A00346CFD /* ViewController.swift */; };
		84BB466C1B6F804A00346CFD /* Main.storyboard in Resources */ = {isa = PBXBuildFile; fileRef = 84BB466A1B6F804A00346CFD /* Main.storyboard */; };
		84BB466E1B6F804A00346CFD /* Images.xcassets in Resources */ = {isa = PBXBuildFile; fileRef = 84BB466D1B6F804A00346CFD /* Images.xcassets */; };
		84BB46711B6F804A00346CFD /* LaunchScreen.xib in Resources */ = {isa = PBXBuildFile; fileRef = 84BB466F1B6F804A00346CFD /* LaunchScreen.xib */; };
		84BB467D1B6F804A00346CFD /* NefariousParakeetTests.swift in Sources */ = {isa = PBXBuildFile; fileRef = 84BB467C1B6F804A00346CFD /* NefariousParakeetTests.swift */; };
/* End PBXBuildFile section */

/* Begin PBXContainerItemProxy section */
		84BB46771B6F804A00346CFD /* PBXContainerItemProxy */ = {
			isa = PBXContainerItemProxy;
			containerPortal = 84BB46591B6F804A00346CFD /* Project object */;
			proxyType = 1;
			remoteGlobalIDString = 84BB46601B6F804A00346CFD;
			remoteInfo = NefariousParakeet;
		};
/* End PBXContainerItemProxy section */

/* Begin PBXFileReference section */
		84BB46611B6F804A00346CFD /* NefariousParakeet.app */ = {isa = PBXFileReference; explicitFileType = wrapper.application; includeInIndex = 0; path = NefariousParakeet.app; sourceTree = BUILT_PRODUCTS_DIR; };
		84BB46651B6F804A00346CFD /* Info.plist */ = {isa = PBXFileReference; lastKnownFileType = text.plist.xml; path = Info.plist; sourceTree = "<group>"; };
		84BB46661B6F804A00346CFD /* AppDelegate.swift */ = {isa = PBXFileReference; lastKnownFileType = sourcecode.swift; path = AppDelegate.swift; sourceTree = "<group>"; };
		84BB46681B6F804A00346CFD /* ViewController.swift */ = {isa = PBXFileReference; lastKnownFileType = sourcecode.swift; path = ViewController.swift; sourceTree = "<group>"; };
		84BB466B1B6F804A00346CFD /* Base */ = {isa = PBXFileReference; lastKnownFileType = file.storyboard; name = Base; path = Base.lproj/Main.storyboard; sourceTree = "<group>"; };
		84BB466D1B6F804A00346CFD /* Images.xcassets */ = {isa = PBXFileReference; lastKnownFileType = folder.assetcatalog; path = Images.xcassets; sourceTree = "<group>"; };
		84BB46701B6F804A00346CFD /* Base */ = {isa = PBXFileReference; lastKnownFileType = file.xib; name = Base; path = Base.lproj/LaunchScreen.xib; sourceTree = "<group>"; };
		84BB46761B6F804A00346CFD /* NefariousParakeetTests.xctest */ = {isa = PBXFileReference; explicitFileType = wrapper.cfbundle; includeInIndex = 0; path = NefariousParakeetTests.xctest; sourceTree = BUILT_PRODUCTS_DIR; };
		84BB467B1B6F804A00346CFD /* Info.plist */ = {isa = PBXFileReference; lastKnownFileType = text.plist.xml; path = Info.plist; sourceTree = "<group>"; };
		84BB467C1B6F804A00346CFD /* NefariousParakeetTests.swift */ = {isa = PBXFileReference; lastKnownFileType = sourcecode.swift; path = NefariousParakeetTests.swift; sourceTree = "<group>"; };
/* End PBXFileReference section */

/* Begin PBXFrameworksBuildPhase section */
		84BB465E1B6F804A00346CFD /* Frameworks */ = {
			isa = PBXFrameworksBuildPhase;
			buildActionMask = 2147483647;
			files = (
			);
			runOnlyForDeploymentPostprocessing = 0;
		};
		84BB46731B6F804A00346CFD /* Frameworks */ = {
			isa = PBXFrameworksBuildPhase;
			buildActionMask = 2147483647;
			files = (
			);
			runOnlyForDeploymentPostprocessing = 0;
		};
/* End PBXFrameworksBuildPhase section */

/* Begin PBXGroup section */
		84BB46581B6F804A00346CFD = {
			isa = PBXGroup;
			children = (
				84BB46631B6F804A00346CFD /* NefariousParakeet */,
				84BB46791B6F804A00346CFD /* NefariousParakeetTests */,
				84BB46621B6F804A00346CFD /* Products */,
			);
			sourceTree = "<group>";
		};
		84BB46621B6F804A00346CFD /* Products */ = {
			isa = PBXGroup;
			children = (
				84BB46611B6F804A00346CFD /* NefariousParakeet.app */,
				84BB46761B6F804A00346CFD /* NefariousParakeetTests.xctest */,
			);
			name = Products;
			sourceTree = "<group>";
		};
		84BB46631B6F804A00346CFD /* NefariousParakeet */ = {
			isa = PBXGroup;
			children = (
				84BB46661B6F804A00346CFD /* AppDelegate.swift */,
				84BB46681B6F804A00346CFD /* ViewController.swift */,
				84BB466A1B6F804A00346CFD /* Main.storyboard */,
				84BB466D1B6F804A00346CFD /* Images.xcassets */,
				84BB466F1B6F804A00346CFD /* LaunchScreen.xib */,
				84BB46641B6F804A00346CFD /* Supporting Files */,
			);
			path = NefariousParakeet;
			sourceTree = "<group>";
		};
		84BB46641B6F804A00346CFD /* Supporting Files */ = {
			isa = PBXGroup;
			children = (
				84BB46651B6F804A00346CFD /* Info.plist */,
			);
			name = "Supporting Files";
			sourceTree = "<group>";
		};
		84BB46791B6F804A00346CFD /* NefariousParakeetTests */ = {
			isa = PBXGroup;
			children = (
				84BB467C1B6F804A00346CFD /* NefariousParakeetTests.swift */,
				84BB467A1B6F804A00346CFD /* Supporting Files */,
			);
			path = NefariousParakeetTests;
			sourceTree = "<group>";
		};
		84BB467A1B6F804A00346CFD /* Supporting Files */ = {
			isa = PBXGroup;
			children = (
				84BB467B1B6F804A00346CFD /* Info.plist */,
			);
			name = "Supporting Files";
			sourceTree = "<group>";
		};
/* End PBXGroup section */

/* Begin PBXNativeTarget section */
		84BB46601B6F804A00346CFD /* NefariousParakeet */ = {
			isa = PBXNativeTarget;
			buildConfigurationList = 84BB46801B6F804A00346CFD /* Build configuration list for PBXNativeTarget "NefariousParakeet" */;
			buildPhases = (
				84BB465D1B6F804A00346CFD /* Sources */,
				84BB465E1B6F804A00346CFD /* Frameworks */,
				84BB465F1B6F804A00346CFD /* Resources */,
			);
			buildRules = (
			);
			dependencies = (
			);
			name = NefariousParakeet;
			productName = NefariousParakeet;
			productReference = 84BB46611B6F804A00346CFD /* NefariousParakeet.app */;
			productType = "com.apple.product-type.application";
		};
		84BB46751B6F804A00346CFD /* NefariousParakeetTests */ = {
			isa = PBXNativeTarget;
			buildConfigurationList = 84BB46831B6F804A00346CFD /* Build configuration list for PBXNativeTarget "NefariousParakeetTests" */;
			buildPhases = (
				84BB46721B6F804A00346CFD /* Sources */,
				84BB46731B6F804A00346CFD /* Frameworks */,
				84BB46741B6F804A00346CFD /* Resources */,
			);
			buildRules = (
			);
			dependencies = (
				84BB46781B6F804A00346CFD /* PBXTargetDependency */,
			);
			name = NefariousParakeetTests;
			productName = NefariousParakeetTests;
			productReference = 84BB46761B6F804A00346CFD /* NefariousParakeetTests.xctest */;
			productType = "com.apple.product-type.bundle.unit-test";
		};
/* End PBXNativeTarget section */

/* Begin PBXProject section */
		84BB46591B6F804A00346CFD /* Project object */ = {
			isa = PBXProject;
			attributes = {
				LastUpgradeCheck = 0640;
				ORGANIZATIONNAME = BeerMenus;
				TargetAttributes = {
					84BB46601B6F804A00346CFD = {
						CreatedOnToolsVersion = 6.4;
					};
					84BB46751B6F804A00346CFD = {
						CreatedOnToolsVersion = 6.4;
						TestTargetID = 84BB46601B6F804A00346CFD;
					};
				};
			};
			buildConfigurationList = 84BB465C1B6F804A00346CFD /* Build configuration list for PBXProject "NefariousParakeet" */;
			compatibilityVersion = "Xcode 3.2";
			developmentRegion = English;
			hasScannedForEncodings = 0;
			knownRegions = (
				en,
				Base,
			);
			mainGroup = 84BB46581B6F804A00346CFD;
			productRefGroup = 84BB46621B6F804A00346CFD /* Products */;
			projectDirPath = "";
			projectRoot = "";
			targets = (
				84BB46601B6F804A00346CFD /* NefariousParakeet */,
				84BB46751B6F804A00346CFD /* NefariousParakeetTests */,
			);
		};
/* End PBXProject section */

/* Begin PBXResourcesBuildPhase section */
		84BB465F1B6F804A00346CFD /* Resources */ = {
			isa = PBXResourcesBuildPhase;
			buildActionMask = 2147483647;
			files = (
				84BB466C1B6F804A00346CFD /* Main.storyboard in Resources */,
				84BB46711B6F804A00346CFD /* LaunchScreen.xib in Resources */,
				84BB466E1B6F804A00346CFD /* Images.xcassets in Resources */,
			);
			runOnlyForDeploymentPostprocessing = 0;
		};
		84BB46741B6F804A00346CFD /* Resources */ = {
			isa = PBXResourcesBuildPhase;
			buildActionMask = 2147483647;
			files = (
			);
			runOnlyForDeploymentPostprocessing = 0;
		};
/* End PBXResourcesBuildPhase section */

/* Begin PBXSourcesBuildPhase section */
		84BB465D1B6F804A00346CFD /* Sources */ = {
			isa = PBXSourcesBuildPhase;
			buildActionMask = 2147483647;
			files = (
				84BB46691B6F804A00346CFD /* ViewController.swift in Sources */,
				84BB46671B6F804A00346CFD /* AppDelegate.swift in Sources */,
			);
			runOnlyForDeploymentPostprocessing = 0;
		};
		84BB46721B6F804A00346CFD /* Sources */ = {
			isa = PBXSourcesBuildPhase;
			buildActionMask = 2147483647;
			files = (
				84BB467D1B6F804A00346CFD /* NefariousParakeetTests.swift in Sources */,
			);
			runOnlyForDeploymentPostprocessing = 0;
		};
/* End PBXSourcesBuildPhase section */

/* Begin PBXTargetDependency section */
		84BB46781B6F804A00346CFD /* PBXTargetDependency */ = {
			isa = PBXTargetDependency;
			target = 84BB46601B6F804A00346CFD /* NefariousParakeet */;
			targetProxy = 84BB46771B6F804A00346CFD /* PBXContainerItemProxy */;
		};
/* End PBXTargetDependency section */

/* Begin PBXVariantGroup section */
		84BB466A1B6F804A00346CFD /* Main.storyboard */ = {
			isa = PBXVariantGroup;
			children = (
				84BB466B1B6F804A00346CFD /* Base */,
			);
			name = Main.storyboard;
			sourceTree = "<group>";
		};
		84BB466F1B6F804A00346CFD /* LaunchScreen.xib */ = {
			isa = PBXVariantGroup;
			children = (
				84BB46701B6F804A00346CFD /* Base */,
			);
			name = LaunchScreen.xib;
			sourceTree = "<group>";
		};
/* End PBXVariantGroup section */

/* Begin XCBuildConfiguration section */
		84BB467E1B6F804A00346CFD /* Debug */ = {
			isa = XCBuildConfiguration;
			buildSettings = {
				ALWAYS_SEARCH_USER_PATHS = NO;
				CLANG_CXX_LANGUAGE_STANDARD = "gnu++0x";
				CLANG_CXX_LIBRARY = "libc++";
				CLANG_ENABLE_MODULES = YES;
				CLANG_ENABLE_OBJC_ARC = YES;
				CLANG_WARN_BOOL_CONVERSION = YES;
				CLANG_WARN_CONSTANT_CONVERSION = YES;
				CLANG_WARN_DIRECT_OBJC_ISA_USAGE = YES_ERROR;
				CLANG_WARN_EMPTY_BODY = YES;
				CLANG_WARN_ENUM_CONVERSION = YES;
				CLANG_WARN_INT_CONVERSION = YES;
				CLANG_WARN_OBJC_ROOT_CLASS = YES_ERROR;
				CLANG_WARN_UNREACHABLE_CODE = YES;
				CLANG_WARN__DUPLICATE_METHOD_MATCH = YES;
				"CODE_SIGN_IDENTITY[sdk=iphoneos*]" = "iPhone Developer";
				COPY_PHASE_STRIP = NO;
				DEBUG_INFORMATION_FORMAT = "dwarf-with-dsym";
				ENABLE_STRICT_OBJC_MSGSEND = YES;
				GCC_C_LANGUAGE_STANDARD = gnu99;
				GCC_DYNAMIC_NO_PIC = NO;
				GCC_NO_COMMON_BLOCKS = YES;
				GCC_OPTIMIZATION_LEVEL = 0;
				GCC_PREPROCESSOR_DEFINITIONS = (
					"DEBUG=1",
					"$(inherited)",
				);
				GCC_SYMBOLS_PRIVATE_EXTERN = NO;
				GCC_WARN_64_TO_32_BIT_CONVERSION = YES;
				GCC_WARN_ABOUT_RETURN_TYPE = YES_ERROR;
				GCC_WARN_UNDECLARED_SELECTOR = YES;
				GCC_WARN_UNINITIALIZED_AUTOS = YES_AGGRESSIVE;
				GCC_WARN_UNUSED_FUNCTION = YES;
				GCC_WARN_UNUSED_VARIABLE = YES;
				IPHONEOS_DEPLOYMENT_TARGET = 8.4;
				MTL_ENABLE_DEBUG_INFO = YES;
				ONLY_ACTIVE_ARCH = YES;
				SDKROOT = iphoneos;
				SWIFT_OPTIMIZATION_LEVEL = "-Onone";
			};
			name = Debug;
		};
		84BB467F1B6F804A00346CFD /* Release */ = {
			isa = XCBuildConfiguration;
			buildSettings = {
				ALWAYS_SEARCH_USER_PATHS = NO;
				CLANG_CXX_LANGUAGE_STANDARD = "gnu++0x";
				CLANG_CXX_LIBRARY = "libc++";
				CLANG_ENABLE_MODULES = YES;
				CLANG_ENABLE_OBJC_ARC = YES;
				CLANG_WARN_BOOL_CONVERSION = YES;
				CLANG_WARN_CONSTANT_CONVERSION = YES;
				CLANG_WARN_DIRECT_OBJC_ISA_USAGE = YES_ERROR;
				CLANG_WARN_EMPTY_BODY = YES;
				CLANG_WARN_ENUM_CONVERSION = YES;
				CLANG_WARN_INT_CONVERSION = YES;
				CLANG_WARN_OBJC_ROOT_CLASS = YES_ERROR;
				CLANG_WARN_UNREACHABLE_CODE = YES;
				CLANG_WARN__DUPLICATE_METHOD_MATCH = YES;
				"CODE_SIGN_IDENTITY[sdk=iphoneos*]" = "iPhone Developer";
				COPY_PHASE_STRIP = NO;
				DEBUG_INFORMATION_FORMAT = "dwarf-with-dsym";
				ENABLE_NS_ASSERTIONS = NO;
				ENABLE_STRICT_OBJC_MSGSEND = YES;
				GCC_C_LANGUAGE_STANDARD = gnu99;
				GCC_NO_COMMON_BLOCKS = YES;
				GCC_WARN_64_TO_32_BIT_CONVERSION = YES;
				GCC_WARN_ABOUT_RETURN_TYPE = YES_ERROR;
				GCC_WARN_UNDECLARED_SELECTOR = YES;
				GCC_WARN_UNINITIALIZED_AUTOS = YES_AGGRESSIVE;
				GCC_WARN_UNUSED_FUNCTION = YES;
				GCC_WARN_UNUSED_VARIABLE = YES;
				IPHONEOS_DEPLOYMENT_TARGET = 8.4;
				MTL_ENABLE_DEBUG_INFO = NO;
				SDKROOT = iphoneos;
				VALIDATE_PRODUCT = YES;
			};
			name = Release;
		};
		84BB46811B6F804A00346CFD /* Debug */ = {
			isa = XCBuildConfiguration;
			buildSettings = {
				ASSETCATALOG_COMPILER_APPICON_NAME = AppIcon;
				INFOPLIST_FILE = NefariousParakeet/Info.plist;
				LD_RUNPATH_SEARCH_PATHS = "$(inherited) @executable_path/Frameworks";
				PRODUCT_NAME = "$(TARGET_NAME)";
			};
			name = Debug;
		};
		84BB46821B6F804A00346CFD /* Release */ = {
			isa = XCBuildConfiguration;
			buildSettings = {
				ASSETCATALOG_COMPILER_APPICON_NAME = AppIcon;
				INFOPLIST_FILE = NefariousParakeet/Info.plist;
				LD_RUNPATH_SEARCH_PATHS = "$(inherited) @executable_path/Frameworks";
				PRODUCT_NAME = "$(TARGET_NAME)";
			};
			name = Release;
		};
		84BB46841B6F804A00346CFD /* Debug */ = {
			isa = XCBuildConfiguration;
			buildSettings = {
				BUNDLE_LOADER = "$(TEST_HOST)";
				FRAMEWORK_SEARCH_PATHS = (
					"$(SDKROOT)/Developer/Library/Frameworks",
					"$(inherited)",
				);
				GCC_PREPROCESSOR_DEFINITIONS = (
					"DEBUG=1",
					"$(inherited)",
				);
				INFOPLIST_FILE = NefariousParakeetTests/Info.plist;
				LD_RUNPATH_SEARCH_PATHS = "$(inherited) @executable_path/Frameworks @loader_path/Frameworks";
				PRODUCT_NAME = "$(TARGET_NAME)";
				TEST_HOST = "$(BUILT_PRODUCTS_DIR)/NefariousParakeet.app/NefariousParakeet";
			};
			name = Debug;
		};
		84BB46851B6F804A00346CFD /* Release */ = {
			isa = XCBuildConfiguration;
			buildSettings = {
				BUNDLE_LOADER = "$(TEST_HOST)";
				FRAMEWORK_SEARCH_PATHS = (
					"$(SDKROOT)/Developer/Library/Frameworks",
					"$(inherited)",
				);
				INFOPLIST_FILE = NefariousParakeetTests/Info.plist;
				LD_RUNPATH_SEARCH_PATHS = "$(inherited) @executable_path/Frameworks @loader_path/Frameworks";
				PRODUCT_NAME = "$(TARGET_NAME)";
				TEST_HOST = "$(BUILT_PRODUCTS_DIR)/NefariousParakeet.app/NefariousParakeet";
			};
			name = Release;
		};
/* End XCBuildConfiguration section */

/* Begin XCConfigurationList section */
		84BB465C1B6F804A00346CFD /* Build configuration list for PBXProject "NefariousParakeet" */ = {
			isa = XCConfigurationList;
			buildConfigurations = (
				84BB467E1B6F804A00346CFD /* Debug */,
				84BB467F1B6F804A00346CFD /* Release */,
			);
			defaultConfigurationIsVisible = 0;
			defaultConfigurationName = Release;
		};
		84BB46801B6F804A00346CFD /* Build configuration list for PBXNativeTarget "NefariousParakeet" */ = {
			isa = XCConfigurationList;
			buildConfigurations = (
				84BB46811B6F804A00346CFD /* Debug */,
				84BB46821B6F804A00346CFD /* Release */,
			);
			defaultConfigurationIsVisible = 0;
		};
		84BB46831B6F804A00346CFD /* Build configuration list for PBXNativeTarget "NefariousParakeetTests" */ = {
			isa = XCConfigurationList;
			buildConfigurations = (
				84BB46841B6F804A00346CFD /* Debug */,
				84BB46851B6F804A00346CFD /* Release */,
			);
			defaultConfigurationIsVisible = 0;
		};
/* End XCConfigurationList section */
	};
	rootObject = 84BB46591B6F804A00346CFD /* Project object */;
}
